
Microsoft Visual Studio Solution File, Format Version 12.00
# Visual Studio 15
VisualStudioVersion = 15.0.27428.2011
MinimumVisualStudioVersion = 10.0.40219.1
Project("{FAE04EC0-301F-11D3-BF4B-00C04F79EFBC}") = "WindowsFormsCLOPE", "WindowsFormsCLOPE\WindowsFormsCLOPE.csproj", "{53CADDF8-AF4B-4AAD-AC3C-1AE18E71725D}"
EndProject
Project("{FAE04EC0-301F-11D3-BF4B-00C04F79EFBC}") = "UnitTestProject", "UnitTestProject\UnitTestProject.csproj", "{614B2193-7E14-4341-B7D7-A8861C6FB31E}"
EndProject
Global
	GlobalSection(SolutionConfigurationPlatforms) = preSolution
		Debug|Any CPU = Debug|Any CPU
		Release|Any CPU = Release|Any CPU
	EndGlobalSection
	GlobalSection(ProjectConfigurationPlatforms) = postSolution
		{53CADDF8-AF4B-4AAD-AC3C-1AE18E71725D}.Debug|Any CPU.ActiveCfg = Debug|Any CPU
		{53CADDF8-AF4B-4AAD-AC3C-1AE18E71725D}.Debug|Any CPU.Build.0 = Debug|Any CPU
		{53CADDF8-AF4B-4AAD-AC3C-1AE18E71725D}.Release|Any CPU.ActiveCfg = Release|Any CPU
		{53CADDF8-AF4B-4AAD-AC3C-1AE18E71725D}.Release|Any CPU.Build.0 = Release|Any CPU
		{614B2193-7E14-4341-B7D7-A8861C6FB31E}.Debug|Any CPU.ActiveCfg = Debug|Any CPU
		{614B2193-7E14-4341-B7D7-A8861C6FB31E}.Debug|Any CPU.Build.0 = Debug|Any CPU
		{614B2193-7E14-4341-B7D7-A8861C6FB31E}.Release|Any CPU.ActiveCfg = Release|Any CPU
		{614B2193-7E14-4341-B7D7-A8861C6FB31E}.Release|Any CPU.Build.0 = Release|Any CPU
	EndGlobalSection
	GlobalSection(SolutionProperties) = preSolution
		HideSolutionNode = FALSE
	EndGlobalSection
	GlobalSection(ExtensibilityGlobals) = postSolution
		SolutionGuid = {74D56588-D3FB-47D2-874F-3359328A8A6A}
	EndGlobalSection
EndGlobal
